// !$*UTF8*$!
{
	archiveVersion = 1;
	classes = {
	};
	objectVersion = 77;
	objects = {

/* Begin PBXBuildFile section */
		4322E9CC2D4D265900B5BEDD /* clothingImage.jpg in Resources */ = {isa = PBXBuildFile; fileRef = 4322E9CB2D4D265900B5BEDD /* clothingImage.jpg */; };
		4344C8DD2D4C017E0019F5D8 /* Double+Formatting.swift in Sources */ = {isa = PBXBuildFile; fileRef = 4344C8DC2D4C017E0019F5D8 /* Double+Formatting.swift */; };
		437A7AE62D438CBA00EC3536 /* HomeViewModelTests.swift in Sources */ = {isa = PBXBuildFile; fileRef = 437A7AE52D438CBA00EC3536 /* HomeViewModelTests.swift */; };
		437A7AEA2D4401A800EC3536 /* Launch Screen.storyboard in Resources */ = {isa = PBXBuildFile; fileRef = 437A7AE92D4401A800EC3536 /* Launch Screen.storyboard */; };
		437A7AED2D440C5700EC3536 /* Localizable.strings in Resources */ = {isa = PBXBuildFile; fileRef = 437A7AEB2D440C5700EC3536 /* Localizable.strings */; };
		43B2BA4D2D4D1EEC002DF50A /* PictureView.swift in Sources */ = {isa = PBXBuildFile; fileRef = 43B2BA4C2D4D1EEC002DF50A /* PictureView.swift */; };
		43B2BA4F2D4D1FA3002DF50A /* clothesPreview.json in Resources */ = {isa = PBXBuildFile; fileRef = 43B2BA4E2D4D1FA3002DF50A /* clothesPreview.json */; };
		43B2BA512D4D2033002DF50A /* ClothesPreview.swift in Sources */ = {isa = PBXBuildFile; fileRef = 43B2BA502D4D2033002DF50A /* ClothesPreview.swift */; };
		43BABE542D3AB6740079B4E8 /* Preview Assets.xcassets in Resources */ = {isa = PBXBuildFile; fileRef = 43BABE4A2D3AB6740079B4E8 /* Preview Assets.xcassets */; };
		43BABE552D3AB6740079B4E8 /* Assets.xcassets in Resources */ = {isa = PBXBuildFile; fileRef = 43BABE4C2D3AB6740079B4E8 /* Assets.xcassets */; };
		43BABE562D3AB6740079B4E8 /* JoiefullApp.swift in Sources */ = {isa = PBXBuildFile; fileRef = 43BABE4D2D3AB6740079B4E8 /* JoiefullApp.swift */; };
		43BABE5C2D3AB6AD0079B4E8 /* Clothing.swift in Sources */ = {isa = PBXBuildFile; fileRef = 43BABE582D3AB6AD0079B4E8 /* Clothing.swift */; };
		43BABE5D2D3AB6AD0079B4E8 /* ClothingService.swift in Sources */ = {isa = PBXBuildFile; fileRef = 43BABE592D3AB6AD0079B4E8 /* ClothingService.swift */; };
		43BABE5E2D3AB6AD0079B4E8 /* Picture.swift in Sources */ = {isa = PBXBuildFile; fileRef = 43BABE5B2D3AB6AD0079B4E8 /* Picture.swift */; };
		43BABE5F2D3AB6AD0079B4E8 /* NetworkClient.swift in Sources */ = {isa = PBXBuildFile; fileRef = 43BABE5A2D3AB6AD0079B4E8 /* NetworkClient.swift */; };
		43BABE612D3AB70C0079B4E8 /* HTTPClient.swift in Sources */ = {isa = PBXBuildFile; fileRef = 43BABE602D3AB70C0079B4E8 /* HTTPClient.swift */; };
		43BABE672D3AB7A10079B4E8 /* NetworkingMock.swift in Sources */ = {isa = PBXBuildFile; fileRef = 43BABE662D3AB7A10079B4E8 /* NetworkingMock.swift */; };
		43BABE682D3AB7A10079B4E8 /* clothesExample.json in Resources */ = {isa = PBXBuildFile; fileRef = 43BABE652D3AB7A10079B4E8 /* clothesExample.json */; };
		43BABE6C2D3AB7EA0079B4E8 /* ClothingServiceTests.swift in Sources */ = {isa = PBXBuildFile; fileRef = 43BABE6A2D3AB7EA0079B4E8 /* ClothingServiceTests.swift */; };
		43BABE6D2D3AB7EA0079B4E8 /* NetworkClientTests.swift in Sources */ = {isa = PBXBuildFile; fileRef = 43BABE6B2D3AB7EA0079B4E8 /* NetworkClientTests.swift */; };
		43BABE902D3ACF2B0079B4E8 /* HomeView.swift in Sources */ = {isa = PBXBuildFile; fileRef = 43BABE8F2D3ACF2B0079B4E8 /* HomeView.swift */; };
		43BABE922D3ACF410079B4E8 /* HomeViewModel.swift in Sources */ = {isa = PBXBuildFile; fileRef = 43BABE912D3ACF410079B4E8 /* HomeViewModel.swift */; };
		43BABE942D3AD4300079B4E8 /* CategoryRowView.swift in Sources */ = {isa = PBXBuildFile; fileRef = 43BABE932D3AD4300079B4E8 /* CategoryRowView.swift */; };
		43BABE962D3AD4EB0079B4E8 /* DetailView.swift in Sources */ = {isa = PBXBuildFile; fileRef = 43BABE952D3AD4EB0079B4E8 /* DetailView.swift */; };
		43BABE982D3AD5270079B4E8 /* CategoryItemView.swift in Sources */ = {isa = PBXBuildFile; fileRef = 43BABE972D3AD5270079B4E8 /* CategoryItemView.swift */; };
/* End PBXBuildFile section */

/* Begin PBXContainerItemProxy section */
		43BABE352D3AB6570079B4E8 /* PBXContainerItemProxy */ = {
			isa = PBXContainerItemProxy;
			containerPortal = 433357852D3A6C860027478C /* Project object */;
			proxyType = 1;
			remoteGlobalIDString = 4333578C2D3A6C860027478C;
			remoteInfo = Joiefull;
		};
/* End PBXContainerItemProxy section */

/* Begin PBXFileReference section */
		4322E9CB2D4D265900B5BEDD /* clothingImage.jpg */ = {isa = PBXFileReference; lastKnownFileType = image.jpeg; path = clothingImage.jpg; sourceTree = "<group>"; };
		4333578D2D3A6C860027478C /* Joiefull.app */ = {isa = PBXFileReference; explicitFileType = wrapper.application; includeInIndex = 0; path = Joiefull.app; sourceTree = BUILT_PRODUCTS_DIR; };
		4344C8DC2D4C017E0019F5D8 /* Double+Formatting.swift */ = {isa = PBXFileReference; lastKnownFileType = sourcecode.swift; path = "Double+Formatting.swift"; sourceTree = "<group>"; };
		437A7AE52D438CBA00EC3536 /* HomeViewModelTests.swift */ = {isa = PBXFileReference; lastKnownFileType = sourcecode.swift; path = HomeViewModelTests.swift; sourceTree = "<group>"; };
		437A7AE92D4401A800EC3536 /* Launch Screen.storyboard */ = {isa = PBXFileReference; lastKnownFileType = file.storyboard; path = "Launch Screen.storyboard"; sourceTree = "<group>"; };
		437A7AEE2D440CB700EC3536 /* fr */ = {isa = PBXFileReference; lastKnownFileType = text.plist.strings; name = fr; path = fr.lproj/Localizable.strings; sourceTree = "<group>"; };
		43B2BA4C2D4D1EEC002DF50A /* PictureView.swift */ = {isa = PBXFileReference; lastKnownFileType = sourcecode.swift; path = PictureView.swift; sourceTree = "<group>"; };
		43B2BA4E2D4D1FA3002DF50A /* clothesPreview.json */ = {isa = PBXFileReference; lastKnownFileType = text.json; path = clothesPreview.json; sourceTree = "<group>"; };
		43B2BA502D4D2033002DF50A /* ClothesPreview.swift */ = {isa = PBXFileReference; lastKnownFileType = sourcecode.swift; path = ClothesPreview.swift; sourceTree = "<group>"; };
		43BABE312D3AB6570079B4E8 /* JoiefullTests.xctest */ = {isa = PBXFileReference; explicitFileType = wrapper.cfbundle; includeInIndex = 0; path = JoiefullTests.xctest; sourceTree = BUILT_PRODUCTS_DIR; };
		43BABE4A2D3AB6740079B4E8 /* Preview Assets.xcassets */ = {isa = PBXFileReference; lastKnownFileType = folder.assetcatalog; path = "Preview Assets.xcassets"; sourceTree = "<group>"; };
		43BABE4C2D3AB6740079B4E8 /* Assets.xcassets */ = {isa = PBXFileReference; lastKnownFileType = folder.assetcatalog; path = Assets.xcassets; sourceTree = "<group>"; };
		43BABE4D2D3AB6740079B4E8 /* JoiefullApp.swift */ = {isa = PBXFileReference; lastKnownFileType = sourcecode.swift; path = JoiefullApp.swift; sourceTree = "<group>"; };
		43BABE522D3AB6740079B4E8 /* Joiefull.entitlements */ = {isa = PBXFileReference; lastKnownFileType = text.plist.entitlements; path = Joiefull.entitlements; sourceTree = "<group>"; };
		43BABE582D3AB6AD0079B4E8 /* Clothing.swift */ = {isa = PBXFileReference; lastKnownFileType = sourcecode.swift; path = Clothing.swift; sourceTree = "<group>"; };
		43BABE592D3AB6AD0079B4E8 /* ClothingService.swift */ = {isa = PBXFileReference; lastKnownFileType = sourcecode.swift; path = ClothingService.swift; sourceTree = "<group>"; };
		43BABE5A2D3AB6AD0079B4E8 /* NetworkClient.swift */ = {isa = PBXFileReference; lastKnownFileType = sourcecode.swift; path = NetworkClient.swift; sourceTree = "<group>"; };
		43BABE5B2D3AB6AD0079B4E8 /* Picture.swift */ = {isa = PBXFileReference; lastKnownFileType = sourcecode.swift; path = Picture.swift; sourceTree = "<group>"; };
		43BABE602D3AB70C0079B4E8 /* HTTPClient.swift */ = {isa = PBXFileReference; lastKnownFileType = sourcecode.swift; path = HTTPClient.swift; sourceTree = "<group>"; };
		43BABE652D3AB7A10079B4E8 /* clothesExample.json */ = {isa = PBXFileReference; lastKnownFileType = text.json; path = clothesExample.json; sourceTree = "<group>"; };
		43BABE662D3AB7A10079B4E8 /* NetworkingMock.swift */ = {isa = PBXFileReference; lastKnownFileType = sourcecode.swift; path = NetworkingMock.swift; sourceTree = "<group>"; };
		43BABE6A2D3AB7EA0079B4E8 /* ClothingServiceTests.swift */ = {isa = PBXFileReference; lastKnownFileType = sourcecode.swift; path = ClothingServiceTests.swift; sourceTree = "<group>"; };
		43BABE6B2D3AB7EA0079B4E8 /* NetworkClientTests.swift */ = {isa = PBXFileReference; lastKnownFileType = sourcecode.swift; path = NetworkClientTests.swift; sourceTree = "<group>"; };
		43BABE6E2D3AB8270079B4E8 /* Joiefull.xctestplan */ = {isa = PBXFileReference; lastKnownFileType = text; path = Joiefull.xctestplan; sourceTree = "<group>"; };
		43BABE8F2D3ACF2B0079B4E8 /* HomeView.swift */ = {isa = PBXFileReference; lastKnownFileType = sourcecode.swift; path = HomeView.swift; sourceTree = "<group>"; };
		43BABE912D3ACF410079B4E8 /* HomeViewModel.swift */ = {isa = PBXFileReference; lastKnownFileType = sourcecode.swift; path = HomeViewModel.swift; sourceTree = "<group>"; };
		43BABE932D3AD4300079B4E8 /* CategoryRowView.swift */ = {isa = PBXFileReference; lastKnownFileType = sourcecode.swift; path = CategoryRowView.swift; sourceTree = "<group>"; };
		43BABE952D3AD4EB0079B4E8 /* DetailView.swift */ = {isa = PBXFileReference; lastKnownFileType = sourcecode.swift; path = DetailView.swift; sourceTree = "<group>"; };
		43BABE972D3AD5270079B4E8 /* CategoryItemView.swift */ = {isa = PBXFileReference; lastKnownFileType = sourcecode.swift; path = CategoryItemView.swift; sourceTree = "<group>"; };
/* End PBXFileReference section */

/* Begin PBXFrameworksBuildPhase section */
		4333578A2D3A6C860027478C /* Frameworks */ = {
			isa = PBXFrameworksBuildPhase;
			buildActionMask = 2147483647;
			files = (
			);
			runOnlyForDeploymentPostprocessing = 0;
		};
		43BABE2E2D3AB6570079B4E8 /* Frameworks */ = {
			isa = PBXFrameworksBuildPhase;
			buildActionMask = 2147483647;
			files = (
			);
			runOnlyForDeploymentPostprocessing = 0;
		};
/* End PBXFrameworksBuildPhase section */

/* Begin PBXGroup section */
		433357842D3A6C860027478C = {
			isa = PBXGroup;
			children = (
				43BABE6E2D3AB8270079B4E8 /* Joiefull.xctestplan */,
				43BABE532D3AB6740079B4E8 /* Joiefull */,
				43BABE632D3AB7980079B4E8 /* JoiefullTests */,
				4333578E2D3A6C860027478C /* Products */,
			);
			sourceTree = "<group>";
		};
		4333578E2D3A6C860027478C /* Products */ = {
			isa = PBXGroup;
			children = (
				4333578D2D3A6C860027478C /* Joiefull.app */,
				43BABE312D3AB6570079B4E8 /* JoiefullTests.xctest */,
			);
			name = Products;
			sourceTree = "<group>";
		};
		4344C8DE2D4C018F0019F5D8 /* Extensions */ = {
			isa = PBXGroup;
			children = (
				4344C8DC2D4C017E0019F5D8 /* Double+Formatting.swift */,
			);
			path = Extensions;
			sourceTree = "<group>";
		};
		43BABE492D3AB6740079B4E8 /* Model */ = {
			isa = PBXGroup;
			children = (
				43BABE582D3AB6AD0079B4E8 /* Clothing.swift */,
				43BABE5B2D3AB6AD0079B4E8 /* Picture.swift */,
				43BABE602D3AB70C0079B4E8 /* HTTPClient.swift */,
				43BABE5A2D3AB6AD0079B4E8 /* NetworkClient.swift */,
				43BABE592D3AB6AD0079B4E8 /* ClothingService.swift */,
			);
			path = Model;
			sourceTree = "<group>";
		};
		43BABE4B2D3AB6740079B4E8 /* Preview Content */ = {
			isa = PBXGroup;
			children = (
				4322E9CB2D4D265900B5BEDD /* clothingImage.jpg */,
				43B2BA4E2D4D1FA3002DF50A /* clothesPreview.json */,
				43B2BA502D4D2033002DF50A /* ClothesPreview.swift */,
				43BABE4A2D3AB6740079B4E8 /* Preview Assets.xcassets */,
			);
			path = "Preview Content";
			sourceTree = "<group>";
		};
		43BABE4E2D3AB6740079B4E8 /* SupportingFiles */ = {
			isa = PBXGroup;
			children = (
				43BABE522D3AB6740079B4E8 /* Joiefull.entitlements */,
				437A7AE92D4401A800EC3536 /* Launch Screen.storyboard */,
				43BABE4C2D3AB6740079B4E8 /* Assets.xcassets */,
				43BABE4D2D3AB6740079B4E8 /* JoiefullApp.swift */,
				437A7AEB2D440C5700EC3536 /* Localizable.strings */,
				4344C8DE2D4C018F0019F5D8 /* Extensions */,
			);
			path = SupportingFiles;
			sourceTree = "<group>";
		};
		43BABE502D3AB6740079B4E8 /* View */ = {
			isa = PBXGroup;
			children = (
				43BABE8F2D3ACF2B0079B4E8 /* HomeView.swift */,
				43BABE932D3AD4300079B4E8 /* CategoryRowView.swift */,
				43BABE972D3AD5270079B4E8 /* CategoryItemView.swift */,
				43BABE952D3AD4EB0079B4E8 /* DetailView.swift */,
				43B2BA4C2D4D1EEC002DF50A /* PictureView.swift */,
			);
			path = View;
			sourceTree = "<group>";
		};
		43BABE512D3AB6740079B4E8 /* ViewModel */ = {
			isa = PBXGroup;
			children = (
				43BABE912D3ACF410079B4E8 /* HomeViewModel.swift */,
			);
			path = ViewModel;
			sourceTree = "<group>";
		};
		43BABE532D3AB6740079B4E8 /* Joiefull */ = {
			isa = PBXGroup;
			children = (
				43BABE492D3AB6740079B4E8 /* Model */,
				43BABE512D3AB6740079B4E8 /* ViewModel */,
				43BABE502D3AB6740079B4E8 /* View */,
				43BABE4E2D3AB6740079B4E8 /* SupportingFiles */,
				43BABE4B2D3AB6740079B4E8 /* Preview Content */,
			);
			path = Joiefull;
			sourceTree = "<group>";
		};
		43BABE632D3AB7980079B4E8 /* JoiefullTests */ = {
			isa = PBXGroup;
			children = (
				43BABE692D3AB7D60079B4E8 /* MockData */,
				43BABE6B2D3AB7EA0079B4E8 /* NetworkClientTests.swift */,
				43BABE6A2D3AB7EA0079B4E8 /* ClothingServiceTests.swift */,
				437A7AE52D438CBA00EC3536 /* HomeViewModelTests.swift */,
			);
			path = JoiefullTests;
			sourceTree = "<group>";
		};
		43BABE692D3AB7D60079B4E8 /* MockData */ = {
			isa = PBXGroup;
			children = (
				43BABE652D3AB7A10079B4E8 /* clothesExample.json */,
				43BABE662D3AB7A10079B4E8 /* NetworkingMock.swift */,
			);
			path = MockData;
			sourceTree = "<group>";
		};
/* End PBXGroup section */

/* Begin PBXNativeTarget section */
		4333578C2D3A6C860027478C /* Joiefull */ = {
			isa = PBXNativeTarget;
			buildConfigurationList = 4333579C2D3A6C870027478C /* Build configuration list for PBXNativeTarget "Joiefull" */;
			buildPhases = (
				433357892D3A6C860027478C /* Sources */,
				4333578A2D3A6C860027478C /* Frameworks */,
				4333578B2D3A6C860027478C /* Resources */,
				43BABE8E2D3AB9070079B4E8 /* ShellScript */,
			);
			buildRules = (
			);
			dependencies = (
			);
			name = Joiefull;
			packageProductDependencies = (
			);
			productName = Joiefull;
			productReference = 4333578D2D3A6C860027478C /* Joiefull.app */;
			productType = "com.apple.product-type.application";
		};
		43BABE302D3AB6570079B4E8 /* JoiefullTests */ = {
			isa = PBXNativeTarget;
			buildConfigurationList = 43BABE372D3AB6570079B4E8 /* Build configuration list for PBXNativeTarget "JoiefullTests" */;
			buildPhases = (
				43BABE2D2D3AB6570079B4E8 /* Sources */,
				43BABE2E2D3AB6570079B4E8 /* Frameworks */,
				43BABE2F2D3AB6570079B4E8 /* Resources */,
			);
			buildRules = (
			);
			dependencies = (
				43BABE362D3AB6570079B4E8 /* PBXTargetDependency */,
			);
			name = JoiefullTests;
			packageProductDependencies = (
			);
			productName = JoiefullTests;
			productReference = 43BABE312D3AB6570079B4E8 /* JoiefullTests.xctest */;
			productType = "com.apple.product-type.bundle.unit-test";
		};
/* End PBXNativeTarget section */

/* Begin PBXProject section */
		433357852D3A6C860027478C /* Project object */ = {
			isa = PBXProject;
			attributes = {
				BuildIndependentTargetsInParallel = 1;
				LastSwiftUpdateCheck = 1610;
				LastUpgradeCheck = 1610;
				TargetAttributes = {
					4333578C2D3A6C860027478C = {
						CreatedOnToolsVersion = 16.1;
					};
					43BABE302D3AB6570079B4E8 = {
						CreatedOnToolsVersion = 16.1;
						TestTargetID = 4333578C2D3A6C860027478C;
					};
				};
			};
			buildConfigurationList = 433357882D3A6C860027478C /* Build configuration list for PBXProject "Joiefull" */;
			developmentRegion = fr;
			hasScannedForEncodings = 0;
			knownRegions = (
				Base,
				fr,
			);
			mainGroup = 433357842D3A6C860027478C;
			minimizedProjectReferenceProxies = 1;
			preferredProjectObjectVersion = 77;
			productRefGroup = 4333578E2D3A6C860027478C /* Products */;
			projectDirPath = "";
			projectRoot = "";
			targets = (
				4333578C2D3A6C860027478C /* Joiefull */,
				43BABE302D3AB6570079B4E8 /* JoiefullTests */,
			);
		};
/* End PBXProject section */

/* Begin PBXResourcesBuildPhase section */
		4333578B2D3A6C860027478C /* Resources */ = {
			isa = PBXResourcesBuildPhase;
			buildActionMask = 2147483647;
			files = (
				43B2BA4F2D4D1FA3002DF50A /* clothesPreview.json in Resources */,
				437A7AEA2D4401A800EC3536 /* Launch Screen.storyboard in Resources */,
				437A7AED2D440C5700EC3536 /* Localizable.strings in Resources */,
				4322E9CC2D4D265900B5BEDD /* clothingImage.jpg in Resources */,
				43BABE542D3AB6740079B4E8 /* Preview Assets.xcassets in Resources */,
				43BABE552D3AB6740079B4E8 /* Assets.xcassets in Resources */,
			);
			runOnlyForDeploymentPostprocessing = 0;
		};
		43BABE2F2D3AB6570079B4E8 /* Resources */ = {
			isa = PBXResourcesBuildPhase;
			buildActionMask = 2147483647;
			files = (
				43BABE682D3AB7A10079B4E8 /* clothesExample.json in Resources */,
			);
			runOnlyForDeploymentPostprocessing = 0;
		};
/* End PBXResourcesBuildPhase section */

/* Begin PBXShellScriptBuildPhase section */
		43BABE8E2D3AB9070079B4E8 /* ShellScript */ = {
			isa = PBXShellScriptBuildPhase;
			alwaysOutOfDate = 1;
			buildActionMask = 2147483647;
			files = (
			);
			inputFileListPaths = (
			);
			inputPaths = (
			);
			outputFileListPaths = (
			);
			outputPaths = (
			);
			runOnlyForDeploymentPostprocessing = 0;
			shellPath = /bin/sh;
			shellScript = "if [[ \"$(uname -m)\" == arm64 ]]; then\n    export PATH=\"/opt/homebrew/bin:$PATH\"\nfi\n\nif which swiftlint > /dev/null; then\n  swiftlint\nelse\n  echo \"warning: SwiftLint not installed, download from https://github.com/realm/SwiftLint\"\nfi\n";
		};
/* End PBXShellScriptBuildPhase section */

/* Begin PBXSourcesBuildPhase section */
		433357892D3A6C860027478C /* Sources */ = {
			isa = PBXSourcesBuildPhase;
			buildActionMask = 2147483647;
			files = (
				43BABE562D3AB6740079B4E8 /* JoiefullApp.swift in Sources */,
				43BABE922D3ACF410079B4E8 /* HomeViewModel.swift in Sources */,
				43BABE942D3AD4300079B4E8 /* CategoryRowView.swift in Sources */,
				43B2BA4D2D4D1EEC002DF50A /* PictureView.swift in Sources */,
				4344C8DD2D4C017E0019F5D8 /* Double+Formatting.swift in Sources */,
				43B2BA512D4D2033002DF50A /* ClothesPreview.swift in Sources */,
				43BABE5C2D3AB6AD0079B4E8 /* Clothing.swift in Sources */,
				43BABE962D3AD4EB0079B4E8 /* DetailView.swift in Sources */,
				43BABE5D2D3AB6AD0079B4E8 /* ClothingService.swift in Sources */,
				43BABE5E2D3AB6AD0079B4E8 /* Picture.swift in Sources */,
				43BABE902D3ACF2B0079B4E8 /* HomeView.swift in Sources */,
				43BABE612D3AB70C0079B4E8 /* HTTPClient.swift in Sources */,
				43BABE982D3AD5270079B4E8 /* CategoryItemView.swift in Sources */,
				43BABE5F2D3AB6AD0079B4E8 /* NetworkClient.swift in Sources */,
			);
			runOnlyForDeploymentPostprocessing = 0;
		};
		43BABE2D2D3AB6570079B4E8 /* Sources */ = {
			isa = PBXSourcesBuildPhase;
			buildActionMask = 2147483647;
			files = (
				43BABE672D3AB7A10079B4E8 /* NetworkingMock.swift in Sources */,
				43BABE6C2D3AB7EA0079B4E8 /* ClothingServiceTests.swift in Sources */,
				43BABE6D2D3AB7EA0079B4E8 /* NetworkClientTests.swift in Sources */,
				437A7AE62D438CBA00EC3536 /* HomeViewModelTests.swift in Sources */,
			);
			runOnlyForDeploymentPostprocessing = 0;
		};
/* End PBXSourcesBuildPhase section */

/* Begin PBXTargetDependency section */
		43BABE362D3AB6570079B4E8 /* PBXTargetDependency */ = {
			isa = PBXTargetDependency;
			target = 4333578C2D3A6C860027478C /* Joiefull */;
			targetProxy = 43BABE352D3AB6570079B4E8 /* PBXContainerItemProxy */;
		};
/* End PBXTargetDependency section */

/* Begin PBXVariantGroup section */
		437A7AEB2D440C5700EC3536 /* Localizable.strings */ = {
			isa = PBXVariantGroup;
			children = (
				437A7AEE2D440CB700EC3536 /* fr */,
			);
			name = Localizable.strings;
			sourceTree = "<group>";
		};
/* End PBXVariantGroup section */

/* Begin XCBuildConfiguration section */
		4333579A2D3A6C870027478C /* Debug */ = {
			isa = XCBuildConfiguration;
			buildSettings = {
				ALWAYS_SEARCH_USER_PATHS = NO;
				ASSETCATALOG_COMPILER_GENERATE_SWIFT_ASSET_SYMBOL_EXTENSIONS = YES;
				CLANG_ANALYZER_LOCALIZABILITY_NONLOCALIZED = YES;
				CLANG_ANALYZER_NONNULL = YES;
				CLANG_ANALYZER_NUMBER_OBJECT_CONVERSION = YES_AGGRESSIVE;
				CLANG_CXX_LANGUAGE_STANDARD = "gnu++20";
				CLANG_ENABLE_MODULES = YES;
				CLANG_ENABLE_OBJC_ARC = YES;
				CLANG_ENABLE_OBJC_WEAK = YES;
				CLANG_WARN_BLOCK_CAPTURE_AUTORELEASING = YES;
				CLANG_WARN_BOOL_CONVERSION = YES;
				CLANG_WARN_COMMA = YES;
				CLANG_WARN_CONSTANT_CONVERSION = YES;
				CLANG_WARN_DEPRECATED_OBJC_IMPLEMENTATIONS = YES;
				CLANG_WARN_DIRECT_OBJC_ISA_USAGE = YES_ERROR;
				CLANG_WARN_DOCUMENTATION_COMMENTS = YES;
				CLANG_WARN_EMPTY_BODY = YES;
				CLANG_WARN_ENUM_CONVERSION = YES;
				CLANG_WARN_INFINITE_RECURSION = YES;
				CLANG_WARN_INT_CONVERSION = YES;
				CLANG_WARN_NON_LITERAL_NULL_CONVERSION = YES;
				CLANG_WARN_OBJC_IMPLICIT_RETAIN_SELF = YES;
				CLANG_WARN_OBJC_LITERAL_CONVERSION = YES;
				CLANG_WARN_OBJC_ROOT_CLASS = YES_ERROR;
				CLANG_WARN_QUOTED_INCLUDE_IN_FRAMEWORK_HEADER = YES;
				CLANG_WARN_RANGE_LOOP_ANALYSIS = YES;
				CLANG_WARN_STRICT_PROTOTYPES = YES;
				CLANG_WARN_SUSPICIOUS_MOVE = YES;
				CLANG_WARN_UNGUARDED_AVAILABILITY = YES_AGGRESSIVE;
				CLANG_WARN_UNREACHABLE_CODE = YES;
				CLANG_WARN__DUPLICATE_METHOD_MATCH = YES;
				COPY_PHASE_STRIP = NO;
				DEBUG_INFORMATION_FORMAT = dwarf;
				ENABLE_STRICT_OBJC_MSGSEND = YES;
				ENABLE_TESTABILITY = YES;
				ENABLE_USER_SCRIPT_SANDBOXING = YES;
				GCC_C_LANGUAGE_STANDARD = gnu17;
				GCC_DYNAMIC_NO_PIC = NO;
				GCC_NO_COMMON_BLOCKS = YES;
				GCC_OPTIMIZATION_LEVEL = 0;
				GCC_PREPROCESSOR_DEFINITIONS = (
					"DEBUG=1",
					"$(inherited)",
				);
				GCC_WARN_64_TO_32_BIT_CONVERSION = YES;
				GCC_WARN_ABOUT_RETURN_TYPE = YES_ERROR;
				GCC_WARN_UNDECLARED_SELECTOR = YES;
				GCC_WARN_UNINITIALIZED_AUTOS = YES_AGGRESSIVE;
				GCC_WARN_UNUSED_FUNCTION = YES;
				GCC_WARN_UNUSED_VARIABLE = YES;
				LOCALIZATION_PREFERS_STRING_CATALOGS = YES;
				MTL_ENABLE_DEBUG_INFO = INCLUDE_SOURCE;
				MTL_FAST_MATH = YES;
				ONLY_ACTIVE_ARCH = YES;
				SWIFT_ACTIVE_COMPILATION_CONDITIONS = "DEBUG $(inherited)";
				SWIFT_OPTIMIZATION_LEVEL = "-Onone";
			};
			name = Debug;
		};
		4333579B2D3A6C870027478C /* Release */ = {
			isa = XCBuildConfiguration;
			buildSettings = {
				ALWAYS_SEARCH_USER_PATHS = NO;
				ASSETCATALOG_COMPILER_GENERATE_SWIFT_ASSET_SYMBOL_EXTENSIONS = YES;
				CLANG_ANALYZER_LOCALIZABILITY_NONLOCALIZED = YES;
				CLANG_ANALYZER_NONNULL = YES;
				CLANG_ANALYZER_NUMBER_OBJECT_CONVERSION = YES_AGGRESSIVE;
				CLANG_CXX_LANGUAGE_STANDARD = "gnu++20";
				CLANG_ENABLE_MODULES = YES;
				CLANG_ENABLE_OBJC_ARC = YES;
				CLANG_ENABLE_OBJC_WEAK = YES;
				CLANG_WARN_BLOCK_CAPTURE_AUTORELEASING = YES;
				CLANG_WARN_BOOL_CONVERSION = YES;
				CLANG_WARN_COMMA = YES;
				CLANG_WARN_CONSTANT_CONVERSION = YES;
				CLANG_WARN_DEPRECATED_OBJC_IMPLEMENTATIONS = YES;
				CLANG_WARN_DIRECT_OBJC_ISA_USAGE = YES_ERROR;
				CLANG_WARN_DOCUMENTATION_COMMENTS = YES;
				CLANG_WARN_EMPTY_BODY = YES;
				CLANG_WARN_ENUM_CONVERSION = YES;
				CLANG_WARN_INFINITE_RECURSION = YES;
				CLANG_WARN_INT_CONVERSION = YES;
				CLANG_WARN_NON_LITERAL_NULL_CONVERSION = YES;
				CLANG_WARN_OBJC_IMPLICIT_RETAIN_SELF = YES;
				CLANG_WARN_OBJC_LITERAL_CONVERSION = YES;
				CLANG_WARN_OBJC_ROOT_CLASS = YES_ERROR;
				CLANG_WARN_QUOTED_INCLUDE_IN_FRAMEWORK_HEADER = YES;
				CLANG_WARN_RANGE_LOOP_ANALYSIS = YES;
				CLANG_WARN_STRICT_PROTOTYPES = YES;
				CLANG_WARN_SUSPICIOUS_MOVE = YES;
				CLANG_WARN_UNGUARDED_AVAILABILITY = YES_AGGRESSIVE;
				CLANG_WARN_UNREACHABLE_CODE = YES;
				CLANG_WARN__DUPLICATE_METHOD_MATCH = YES;
				COPY_PHASE_STRIP = NO;
				DEBUG_INFORMATION_FORMAT = "dwarf-with-dsym";
				ENABLE_NS_ASSERTIONS = NO;
				ENABLE_STRICT_OBJC_MSGSEND = YES;
				ENABLE_USER_SCRIPT_SANDBOXING = YES;
				GCC_C_LANGUAGE_STANDARD = gnu17;
				GCC_NO_COMMON_BLOCKS = YES;
				GCC_WARN_64_TO_32_BIT_CONVERSION = YES;
				GCC_WARN_ABOUT_RETURN_TYPE = YES_ERROR;
				GCC_WARN_UNDECLARED_SELECTOR = YES;
				GCC_WARN_UNINITIALIZED_AUTOS = YES_AGGRESSIVE;
				GCC_WARN_UNUSED_FUNCTION = YES;
				GCC_WARN_UNUSED_VARIABLE = YES;
				LOCALIZATION_PREFERS_STRING_CATALOGS = YES;
				MTL_ENABLE_DEBUG_INFO = NO;
				MTL_FAST_MATH = YES;
				SWIFT_COMPILATION_MODE = wholemodule;
			};
			name = Release;
		};
		4333579D2D3A6C870027478C /* Debug */ = {
			isa = XCBuildConfiguration;
			buildSettings = {
				ASSETCATALOG_COMPILER_APPICON_NAME = AppIcon;
				ASSETCATALOG_COMPILER_GLOBAL_ACCENT_COLOR_NAME = AccentColor;
				ASSETCATALOG_COMPILER_INCLUDE_ALL_APPICON_ASSETS = NO;
				CODE_SIGN_ENTITLEMENTS = Joiefull/SupportingFiles/Joiefull.entitlements;
				CODE_SIGN_STYLE = Automatic;
				CURRENT_PROJECT_VERSION = 1;
				DEVELOPMENT_ASSET_PATHS = "\"Joiefull/Preview Content\"";
				DEVELOPMENT_TEAM = 5F49D5L775;
				ENABLE_HARDENED_RUNTIME = YES;
				ENABLE_PREVIEWS = YES;
				ENABLE_USER_SCRIPT_SANDBOXING = NO;
				GENERATE_INFOPLIST_FILE = YES;
				"INFOPLIST_KEY_UIApplicationSceneManifest_Generation[sdk=iphoneos*]" = YES;
				"INFOPLIST_KEY_UIApplicationSceneManifest_Generation[sdk=iphonesimulator*]" = YES;
				"INFOPLIST_KEY_UIApplicationSupportsIndirectInputEvents[sdk=iphoneos*]" = YES;
				"INFOPLIST_KEY_UIApplicationSupportsIndirectInputEvents[sdk=iphonesimulator*]" = YES;
				"INFOPLIST_KEY_UILaunchScreen_Generation[sdk=iphoneos*]" = YES;
				"INFOPLIST_KEY_UILaunchScreen_Generation[sdk=iphonesimulator*]" = YES;
				INFOPLIST_KEY_UILaunchStoryboardName = "Launch Screen";
				"INFOPLIST_KEY_UIStatusBarStyle[sdk=iphoneos*]" = UIStatusBarStyleDefault;
				"INFOPLIST_KEY_UIStatusBarStyle[sdk=iphonesimulator*]" = UIStatusBarStyleDefault;
				INFOPLIST_KEY_UISupportedInterfaceOrientations_iPad = "UIInterfaceOrientationPortrait UIInterfaceOrientationPortraitUpsideDown UIInterfaceOrientationLandscapeLeft UIInterfaceOrientationLandscapeRight";
				INFOPLIST_KEY_UISupportedInterfaceOrientations_iPhone = "UIInterfaceOrientationPortrait UIInterfaceOrientationLandscapeLeft UIInterfaceOrientationLandscapeRight";
				IPHONEOS_DEPLOYMENT_TARGET = 18.1;
				LD_RUNPATH_SEARCH_PATHS = "@executable_path/Frameworks";
				"LD_RUNPATH_SEARCH_PATHS[sdk=macosx*]" = "@executable_path/../Frameworks";
				MACOSX_DEPLOYMENT_TARGET = 15.1;
				MARKETING_VERSION = 1.0;
				PRODUCT_BUNDLE_IDENTIFIER = com.benjaminlefrancois.Joiefull;
				PRODUCT_NAME = "$(TARGET_NAME)";
				SDKROOT = auto;
				SUPPORTED_PLATFORMS = "iphoneos iphonesimulator";
				SUPPORTS_MACCATALYST = NO;
				SWIFT_EMIT_LOC_STRINGS = YES;
				SWIFT_VERSION = 5.0;
				TARGETED_DEVICE_FAMILY = "1,2";
				XROS_DEPLOYMENT_TARGET = 2.1;
			};
			name = Debug;
		};
		4333579E2D3A6C870027478C /* Release */ = {
			isa = XCBuildConfiguration;
			buildSettings = {
				ASSETCATALOG_COMPILER_APPICON_NAME = AppIcon;
				ASSETCATALOG_COMPILER_GLOBAL_ACCENT_COLOR_NAME = AccentColor;
				ASSETCATALOG_COMPILER_INCLUDE_ALL_APPICON_ASSETS = NO;
				CODE_SIGN_ENTITLEMENTS = Joiefull/SupportingFiles/Joiefull.entitlements;
				CODE_SIGN_STYLE = Automatic;
				CURRENT_PROJECT_VERSION = 1;
				DEVELOPMENT_ASSET_PATHS = "\"Joiefull/Preview Content\"";
				DEVELOPMENT_TEAM = 5F49D5L775;
				ENABLE_HARDENED_RUNTIME = YES;
				ENABLE_PREVIEWS = YES;
				ENABLE_USER_SCRIPT_SANDBOXING = NO;
				GENERATE_INFOPLIST_FILE = YES;
				"INFOPLIST_KEY_UIApplicationSceneManifest_Generation[sdk=iphoneos*]" = YES;
				"INFOPLIST_KEY_UIApplicationSceneManifest_Generation[sdk=iphonesimulator*]" = YES;
				"INFOPLIST_KEY_UIApplicationSupportsIndirectInputEvents[sdk=iphoneos*]" = YES;
				"INFOPLIST_KEY_UIApplicationSupportsIndirectInputEvents[sdk=iphonesimulator*]" = YES;
				"INFOPLIST_KEY_UILaunchScreen_Generation[sdk=iphoneos*]" = YES;
				"INFOPLIST_KEY_UILaunchScreen_Generation[sdk=iphonesimulator*]" = YES;
				INFOPLIST_KEY_UILaunchStoryboardName = "Launch Screen";
				"INFOPLIST_KEY_UIStatusBarStyle[sdk=iphoneos*]" = UIStatusBarStyleDefault;
				"INFOPLIST_KEY_UIStatusBarStyle[sdk=iphonesimulator*]" = UIStatusBarStyleDefault;
				INFOPLIST_KEY_UISupportedInterfaceOrientations_iPad = "UIInterfaceOrientationPortrait UIInterfaceOrientationPortraitUpsideDown UIInterfaceOrientationLandscapeLeft UIInterfaceOrientationLandscapeRight";
				INFOPLIST_KEY_UISupportedInterfaceOrientations_iPhone = "UIInterfaceOrientationPortrait UIInterfaceOrientationLandscapeLeft UIInterfaceOrientationLandscapeRight";
				IPHONEOS_DEPLOYMENT_TARGET = 18.1;
				LD_RUNPATH_SEARCH_PATHS = "@executable_path/Frameworks";
				"LD_RUNPATH_SEARCH_PATHS[sdk=macosx*]" = "@executable_path/../Frameworks";
				MACOSX_DEPLOYMENT_TARGET = 15.1;
				MARKETING_VERSION = 1.0;
				PRODUCT_BUNDLE_IDENTIFIER = com.benjaminlefrancois.Joiefull;
				PRODUCT_NAME = "$(TARGET_NAME)";
				SDKROOT = auto;
				SUPPORTED_PLATFORMS = "iphoneos iphonesimulator";
				SUPPORTS_MACCATALYST = NO;
				SWIFT_EMIT_LOC_STRINGS = YES;
				SWIFT_VERSION = 5.0;
				TARGETED_DEVICE_FAMILY = "1,2";
				XROS_DEPLOYMENT_TARGET = 2.1;
			};
			name = Release;
		};
		43BABE382D3AB6570079B4E8 /* Debug */ = {
			isa = XCBuildConfiguration;
			buildSettings = {
				BUNDLE_LOADER = "$(TEST_HOST)";
				CODE_SIGN_STYLE = Automatic;
				CURRENT_PROJECT_VERSION = 1;
				DEVELOPMENT_TEAM = 5F49D5L775;
				GENERATE_INFOPLIST_FILE = YES;
				IPHONEOS_DEPLOYMENT_TARGET = 18.1;
				MARKETING_VERSION = 1.0;
				PRODUCT_BUNDLE_IDENTIFIER = com.benjaminlefrancois.JoiefullTests;
				PRODUCT_NAME = "$(TARGET_NAME)";
				SDKROOT = iphoneos;
				SWIFT_EMIT_LOC_STRINGS = NO;
				SWIFT_VERSION = 5.0;
				TARGETED_DEVICE_FAMILY = "1,2";
				TEST_HOST = "$(BUILT_PRODUCTS_DIR)/Joiefull.app/$(BUNDLE_EXECUTABLE_FOLDER_PATH)/Joiefull";
			};
			name = Debug;
		};
		43BABE392D3AB6570079B4E8 /* Release */ = {
			isa = XCBuildConfiguration;
			buildSettings = {
				BUNDLE_LOADER = "$(TEST_HOST)";
				CODE_SIGN_STYLE = Automatic;
				CURRENT_PROJECT_VERSION = 1;
				DEVELOPMENT_TEAM = 5F49D5L775;
				GENERATE_INFOPLIST_FILE = YES;
				IPHONEOS_DEPLOYMENT_TARGET = 18.1;
				MARKETING_VERSION = 1.0;
				PRODUCT_BUNDLE_IDENTIFIER = com.benjaminlefrancois.JoiefullTests;
				PRODUCT_NAME = "$(TARGET_NAME)";
				SDKROOT = iphoneos;
				SWIFT_EMIT_LOC_STRINGS = NO;
				SWIFT_VERSION = 5.0;
				TARGETED_DEVICE_FAMILY = "1,2";
				TEST_HOST = "$(BUILT_PRODUCTS_DIR)/Joiefull.app/$(BUNDLE_EXECUTABLE_FOLDER_PATH)/Joiefull";
				VALIDATE_PRODUCT = YES;
			};
			name = Release;
		};
/* End XCBuildConfiguration section */

/* Begin XCConfigurationList section */
		433357882D3A6C860027478C /* Build configuration list for PBXProject "Joiefull" */ = {
			isa = XCConfigurationList;
			buildConfigurations = (
				4333579A2D3A6C870027478C /* Debug */,
				4333579B2D3A6C870027478C /* Release */,
			);
			defaultConfigurationIsVisible = 0;
			defaultConfigurationName = Release;
		};
		4333579C2D3A6C870027478C /* Build configuration list for PBXNativeTarget "Joiefull" */ = {
			isa = XCConfigurationList;
			buildConfigurations = (
				4333579D2D3A6C870027478C /* Debug */,
				4333579E2D3A6C870027478C /* Release */,
			);
			defaultConfigurationIsVisible = 0;
			defaultConfigurationName = Release;
		};
		43BABE372D3AB6570079B4E8 /* Build configuration list for PBXNativeTarget "JoiefullTests" */ = {
			isa = XCConfigurationList;
			buildConfigurations = (
				43BABE382D3AB6570079B4E8 /* Debug */,
				43BABE392D3AB6570079B4E8 /* Release */,
			);
			defaultConfigurationIsVisible = 0;
			defaultConfigurationName = Release;
		};
/* End XCConfigurationList section */
	};
	rootObject = 433357852D3A6C860027478C /* Project object */;
}
